
Microsoft Visual Studio Solution File, Format Version 12.00
# Visual Studio Version 17
VisualStudioVersion = 17.12.35707.178 d17.12
MinimumVisualStudioVersion = 10.0.40219.1
Project("{FAE04EC0-301F-11D3-BF4B-00C04F79EFBC}") = "Wk6Ex2_StudentClass_OOP", "Wk6Ex2_StudentClass_OOP\Wk6Ex2_StudentClass_OOP.csproj", "{08B6551E-CF4B-49EF-9E9E-2736EDAD639C}"
EndProject
Global
	GlobalSection(SolutionConfigurationPlatforms) = preSolution
		Debug|Any CPU = Debug|Any CPU
		Release|Any CPU = Release|Any CPU
	EndGlobalSection
	GlobalSection(ProjectConfigurationPlatforms) = postSolution
		{08B6551E-CF4B-49EF-9E9E-2736EDAD639C}.Debug|Any CPU.ActiveCfg = Debug|Any CPU
		{08B6551E-CF4B-49EF-9E9E-2736EDAD639C}.Debug|Any CPU.Build.0 = Debug|Any CPU
		{08B6551E-CF4B-49EF-9E9E-2736EDAD639C}.Release|Any CPU.ActiveCfg = Release|Any CPU
		{08B6551E-CF4B-49EF-9E9E-2736EDAD639C}.Release|Any CPU.Build.0 = Release|Any CPU
	EndGlobalSection
	GlobalSection(SolutionProperties) = preSolution
		HideSolutionNode = FALSE
	EndGlobalSection
EndGlobal
